
Microsoft Visual Studio Solution File, Format Version 12.00
# Visual Studio Version 17
VisualStudioVersion = 17.10.35122.118
MinimumVisualStudioVersion = 10.0.40219.1
Project("{FAE04EC0-301F-11D3-BF4B-00C04F79EFBC}") = "ChatMeeting", "ChatMeeting\ChatMeeting.csproj", "{E29019BF-BBA3-46E7-B036-DF8F33C2CA7E}"
EndProject
Global
	GlobalSection(SolutionConfigurationPlatforms) = preSolution
		Debug|Any CPU = Debug|Any CPU
		Release|Any CPU = Release|Any CPU
	EndGlobalSection
	GlobalSection(ProjectConfigurationPlatforms) = postSolution
		{E29019BF-BBA3-46E7-B036-DF8F33C2CA7E}.Debug|Any CPU.ActiveCfg = Debug|Any CPU
		{E29019BF-BBA3-46E7-B036-DF8F33C2CA7E}.Debug|Any CPU.Build.0 = Debug|Any CPU
		{E29019BF-BBA3-46E7-B036-DF8F33C2CA7E}.Release|Any CPU.ActiveCfg = Release|Any CPU
		{E29019BF-BBA3-46E7-B036-DF8F33C2CA7E}.Release|Any CPU.Build.0 = Release|Any CPU
	EndGlobalSection
	GlobalSection(SolutionProperties) = preSolution
		HideSolutionNode = FALSE
	EndGlobalSection
	GlobalSection(ExtensibilityGlobals) = postSolution
		SolutionGuid = {1D4ED518-BDAE-4041-B280-3047BDDE73E2}
	EndGlobalSection
EndGlobal
