
Microsoft Visual Studio Solution File, Format Version 12.00
# Visual Studio Version 17
VisualStudioVersion = 17.10.35122.118
MinimumVisualStudioVersion = 10.0.40219.1
Project("{FAE04EC0-301F-11D3-BF4B-00C04F79EFBC}") = "ChatMeeting.API", "ChatMeeting\ChatMeeting.API.csproj", "{E29019BF-BBA3-46E7-B036-DF8F33C2CA7E}"
EndProject
Project("{FAE04EC0-301F-11D3-BF4B-00C04F79EFBC}") = "ChatMeeting.Core.Domain", "ChatMeeting.Core.Domain\ChatMeeting.Core.Domain.csproj", "{DA72E50B-3B5B-4AF9-9C8F-072F80A343B7}"
EndProject
Project("{FAE04EC0-301F-11D3-BF4B-00C04F79EFBC}") = "ChatMeeting.Infrastructure", "ChatMeeting.Infrastructure\ChatMeeting.Infrastructure.csproj", "{A4FE8AD5-B8C4-4CAB-84F0-90FFAB5422F9}"
EndProject
Project("{FAE04EC0-301F-11D3-BF4B-00C04F79EFBC}") = "ChatMeeting.Core.Application", "ChatMeeting.Core.Application\ChatMeeting.Core.Application.csproj", "{F8132EBB-DD8F-466B-A1F9-F0024E1F4266}"
EndProject
Global
	GlobalSection(SolutionConfigurationPlatforms) = preSolution
		Debug|Any CPU = Debug|Any CPU
		Release|Any CPU = Release|Any CPU
	EndGlobalSection
	GlobalSection(ProjectConfigurationPlatforms) = postSolution
		{E29019BF-BBA3-46E7-B036-DF8F33C2CA7E}.Debug|Any CPU.ActiveCfg = Debug|Any CPU
		{E29019BF-BBA3-46E7-B036-DF8F33C2CA7E}.Debug|Any CPU.Build.0 = Debug|Any CPU
		{E29019BF-BBA3-46E7-B036-DF8F33C2CA7E}.Release|Any CPU.ActiveCfg = Release|Any CPU
		{E29019BF-BBA3-46E7-B036-DF8F33C2CA7E}.Release|Any CPU.Build.0 = Release|Any CPU
		{DA72E50B-3B5B-4AF9-9C8F-072F80A343B7}.Debug|Any CPU.ActiveCfg = Debug|Any CPU
		{DA72E50B-3B5B-4AF9-9C8F-072F80A343B7}.Debug|Any CPU.Build.0 = Debug|Any CPU
		{DA72E50B-3B5B-4AF9-9C8F-072F80A343B7}.Release|Any CPU.ActiveCfg = Release|Any CPU
		{DA72E50B-3B5B-4AF9-9C8F-072F80A343B7}.Release|Any CPU.Build.0 = Release|Any CPU
		{A4FE8AD5-B8C4-4CAB-84F0-90FFAB5422F9}.Debug|Any CPU.ActiveCfg = Debug|Any CPU
		{A4FE8AD5-B8C4-4CAB-84F0-90FFAB5422F9}.Debug|Any CPU.Build.0 = Debug|Any CPU
		{A4FE8AD5-B8C4-4CAB-84F0-90FFAB5422F9}.Release|Any CPU.ActiveCfg = Release|Any CPU
		{A4FE8AD5-B8C4-4CAB-84F0-90FFAB5422F9}.Release|Any CPU.Build.0 = Release|Any CPU
		{F8132EBB-DD8F-466B-A1F9-F0024E1F4266}.Debug|Any CPU.ActiveCfg = Debug|Any CPU
		{F8132EBB-DD8F-466B-A1F9-F0024E1F4266}.Debug|Any CPU.Build.0 = Debug|Any CPU
		{F8132EBB-DD8F-466B-A1F9-F0024E1F4266}.Release|Any CPU.ActiveCfg = Release|Any CPU
		{F8132EBB-DD8F-466B-A1F9-F0024E1F4266}.Release|Any CPU.Build.0 = Release|Any CPU
	EndGlobalSection
	GlobalSection(SolutionProperties) = preSolution
		HideSolutionNode = FALSE
	EndGlobalSection
	GlobalSection(ExtensibilityGlobals) = postSolution
		SolutionGuid = {1D4ED518-BDAE-4041-B280-3047BDDE73E2}
	EndGlobalSection
EndGlobal
